
Microsoft Visual Studio Solution File, Format Version 12.00
# Visual Studio 15
VisualStudioVersion = 15.0.28307.902
MinimumVisualStudioVersion = 10.0.40219.1
Project("{FAE04EC0-301F-11D3-BF4B-00C04F79EFBC}") = "SeleniumHelpers", "SeleniumHelpers\SeleniumHelpers.csproj", "{A2C409EE-D314-4555-AE41-EDC5B37014D9}"
EndProject
Project("{FAE04EC0-301F-11D3-BF4B-00C04F79EFBC}") = "UnitTests", "UnitTestProject1\UnitTests.csproj", "{BC1FB13C-0403-4510-86E9-EE99B3E0C808}"
EndProject
Global
	GlobalSection(SolutionConfigurationPlatforms) = preSolution
		Debug|Any CPU = Debug|Any CPU
		Release|Any CPU = Release|Any CPU
	EndGlobalSection
	GlobalSection(ProjectConfigurationPlatforms) = postSolution
		{A2C409EE-D314-4555-AE41-EDC5B37014D9}.Debug|Any CPU.ActiveCfg = Debug|Any CPU
		{A2C409EE-D314-4555-AE41-EDC5B37014D9}.Debug|Any CPU.Build.0 = Debug|Any CPU
		{A2C409EE-D314-4555-AE41-EDC5B37014D9}.Release|Any CPU.ActiveCfg = Release|Any CPU
		{A2C409EE-D314-4555-AE41-EDC5B37014D9}.Release|Any CPU.Build.0 = Release|Any CPU
		{BC1FB13C-0403-4510-86E9-EE99B3E0C808}.Debug|Any CPU.ActiveCfg = Debug|Any CPU
		{BC1FB13C-0403-4510-86E9-EE99B3E0C808}.Debug|Any CPU.Build.0 = Debug|Any CPU
		{BC1FB13C-0403-4510-86E9-EE99B3E0C808}.Release|Any CPU.ActiveCfg = Release|Any CPU
		{BC1FB13C-0403-4510-86E9-EE99B3E0C808}.Release|Any CPU.Build.0 = Release|Any CPU
	EndGlobalSection
	GlobalSection(SolutionProperties) = preSolution
		HideSolutionNode = FALSE
	EndGlobalSection
	GlobalSection(ExtensibilityGlobals) = postSolution
		SolutionGuid = {841FAAE4-2316-43E7-A1CB-A1EF9D3D197F}
	EndGlobalSection
EndGlobal
